
Microsoft Visual Studio Solution File, Format Version 12.00
# Visual Studio Version 17
VisualStudioVersion = 17.4.33213.308
MinimumVisualStudioVersion = 10.0.40219.1
Project("{FAE04EC0-301F-11D3-BF4B-00C04F79EFBC}") = "Kabatra.Game.Dice", "Kabatra.Game.Dice\Kabatra.Game.Dice.csproj", "{9D352D2A-A979-4A39-98A6-2A8CC6469064}"
EndProject
Project("{FAE04EC0-301F-11D3-BF4B-00C04F79EFBC}") = "Kabatra.Game.Dice.Tests", "Kabatra.Game.Dice.Tests\Kabatra.Game.Dice.Tests.csproj", "{75CDE9FB-F11C-49C7-B017-FE9920D44589}"
EndProject
Global
	GlobalSection(SolutionConfigurationPlatforms) = preSolution
		Debug|Any CPU = Debug|Any CPU
		Release|Any CPU = Release|Any CPU
	EndGlobalSection
	GlobalSection(ProjectConfigurationPlatforms) = postSolution
		{9D352D2A-A979-4A39-98A6-2A8CC6469064}.Debug|Any CPU.ActiveCfg = Debug|Any CPU
		{9D352D2A-A979-4A39-98A6-2A8CC6469064}.Debug|Any CPU.Build.0 = Debug|Any CPU
		{9D352D2A-A979-4A39-98A6-2A8CC6469064}.Release|Any CPU.ActiveCfg = Release|Any CPU
		{9D352D2A-A979-4A39-98A6-2A8CC6469064}.Release|Any CPU.Build.0 = Release|Any CPU
		{75CDE9FB-F11C-49C7-B017-FE9920D44589}.Debug|Any CPU.ActiveCfg = Debug|Any CPU
		{75CDE9FB-F11C-49C7-B017-FE9920D44589}.Debug|Any CPU.Build.0 = Debug|Any CPU
		{75CDE9FB-F11C-49C7-B017-FE9920D44589}.Release|Any CPU.ActiveCfg = Release|Any CPU
		{75CDE9FB-F11C-49C7-B017-FE9920D44589}.Release|Any CPU.Build.0 = Release|Any CPU
	EndGlobalSection
	GlobalSection(SolutionProperties) = preSolution
		HideSolutionNode = FALSE
	EndGlobalSection
	GlobalSection(ExtensibilityGlobals) = postSolution
		SolutionGuid = {CF5ECFD5-5768-468F-BD06-1F0DC81D85C8}
	EndGlobalSection
EndGlobal
